
Microsoft Visual Studio Solution File, Format Version 12.00
# Visual Studio Version 17
VisualStudioVersion = 17.12.35707.178 d17.12
MinimumVisualStudioVersion = 10.0.40219.1
Project("{FAE04EC0-301F-11D3-BF4B-00C04F79EFBC}") = "CSVOracle.Server", "CSVOracle.Server\CSVOracle.Server.csproj", "{CF61822F-87AF-468C-ADC5-FDA79BA40761}"
EndProject
Project("{54A90642-561A-4BB1-A94E-469ADEE60C69}") = "csvoracle.client", "csvoracle.client\csvoracle.client.esproj", "{680C6E8C-BE0C-4272-97AD-294471CEC3EF}"
EndProject
Global
	GlobalSection(SolutionConfigurationPlatforms) = preSolution
		Debug|Any CPU = Debug|Any CPU
		Release|Any CPU = Release|Any CPU
	EndGlobalSection
	GlobalSection(ProjectConfigurationPlatforms) = postSolution
		{CF61822F-87AF-468C-ADC5-FDA79BA40761}.Debug|Any CPU.ActiveCfg = Debug|Any CPU
		{CF61822F-87AF-468C-ADC5-FDA79BA40761}.Debug|Any CPU.Build.0 = Debug|Any CPU
		{CF61822F-87AF-468C-ADC5-FDA79BA40761}.Release|Any CPU.ActiveCfg = Release|Any CPU
		{CF61822F-87AF-468C-ADC5-FDA79BA40761}.Release|Any CPU.Build.0 = Release|Any CPU
		{680C6E8C-BE0C-4272-97AD-294471CEC3EF}.Debug|Any CPU.ActiveCfg = Debug|Any CPU
		{680C6E8C-BE0C-4272-97AD-294471CEC3EF}.Debug|Any CPU.Build.0 = Debug|Any CPU
		{680C6E8C-BE0C-4272-97AD-294471CEC3EF}.Debug|Any CPU.Deploy.0 = Debug|Any CPU
		{680C6E8C-BE0C-4272-97AD-294471CEC3EF}.Release|Any CPU.ActiveCfg = Release|Any CPU
		{680C6E8C-BE0C-4272-97AD-294471CEC3EF}.Release|Any CPU.Build.0 = Release|Any CPU
		{680C6E8C-BE0C-4272-97AD-294471CEC3EF}.Release|Any CPU.Deploy.0 = Release|Any CPU
	EndGlobalSection
	GlobalSection(SolutionProperties) = preSolution
		HideSolutionNode = FALSE
	EndGlobalSection
EndGlobal
